
Microsoft Visual Studio Solution File, Format Version 12.00
# Visual Studio Version 16
VisualStudioVersion = 16.0.29519.181
MinimumVisualStudioVersion = 10.0.40219.1
Project("{FAE04EC0-301F-11D3-BF4B-00C04F79EFBC}") = "CoreData", "Data\CoreData\CoreData.csproj", "{D033A00C-5A67-402A-B068-E5198C8E7B16}"
EndProject
Project("{FAE04EC0-301F-11D3-BF4B-00C04F79EFBC}") = "View", "View\ViewCore\View.csproj", "{FE68D81C-BE70-4C63-9E90-2CCA46761F02}"
EndProject
Project("{FAE04EC0-301F-11D3-BF4B-00C04F79EFBC}") = "ViewModel", "ViewModel\ViewModel\ViewModel.csproj", "{7CBCD810-AD59-45C9-9DD1-7BFC750DC488}"
EndProject
Global
	GlobalSection(SolutionConfigurationPlatforms) = preSolution
		Debug|Any CPU = Debug|Any CPU
		Release|Any CPU = Release|Any CPU
	EndGlobalSection
	GlobalSection(ProjectConfigurationPlatforms) = postSolution
		{D033A00C-5A67-402A-B068-E5198C8E7B16}.Debug|Any CPU.ActiveCfg = Debug|Any CPU
		{D033A00C-5A67-402A-B068-E5198C8E7B16}.Debug|Any CPU.Build.0 = Debug|Any CPU
		{D033A00C-5A67-402A-B068-E5198C8E7B16}.Release|Any CPU.ActiveCfg = Release|Any CPU
		{D033A00C-5A67-402A-B068-E5198C8E7B16}.Release|Any CPU.Build.0 = Release|Any CPU
		{FE68D81C-BE70-4C63-9E90-2CCA46761F02}.Debug|Any CPU.ActiveCfg = Debug|Any CPU
		{FE68D81C-BE70-4C63-9E90-2CCA46761F02}.Debug|Any CPU.Build.0 = Debug|Any CPU
		{FE68D81C-BE70-4C63-9E90-2CCA46761F02}.Release|Any CPU.ActiveCfg = Release|Any CPU
		{FE68D81C-BE70-4C63-9E90-2CCA46761F02}.Release|Any CPU.Build.0 = Release|Any CPU
		{7CBCD810-AD59-45C9-9DD1-7BFC750DC488}.Debug|Any CPU.ActiveCfg = Debug|Any CPU
		{7CBCD810-AD59-45C9-9DD1-7BFC750DC488}.Debug|Any CPU.Build.0 = Debug|Any CPU
		{7CBCD810-AD59-45C9-9DD1-7BFC750DC488}.Release|Any CPU.ActiveCfg = Release|Any CPU
		{7CBCD810-AD59-45C9-9DD1-7BFC750DC488}.Release|Any CPU.Build.0 = Release|Any CPU
	EndGlobalSection
	GlobalSection(SolutionProperties) = preSolution
		HideSolutionNode = FALSE
	EndGlobalSection
	GlobalSection(ExtensibilityGlobals) = postSolution
		SolutionGuid = {FB0D99B3-7B45-4BB5-8AA2-C94C59CF1911}
	EndGlobalSection
EndGlobal
